
Microsoft Visual Studio Solution File, Format Version 12.00
# Visual Studio 15
VisualStudioVersion = 15.0.26124.0
MinimumVisualStudioVersion = 15.0.26124.0
Project("{2150E333-8FDC-42A3-9474-1A3956D46DE8}") = "src", "src", "{A324F2A3-7168-4683-98AC-4B633A582567}"
EndProject
Project("{FAE04EC0-301F-11D3-BF4B-00C04F79EFBC}") = "simpleAPI", "src\SimpleAPI\simpleAPI.csproj", "{714A3952-0791-4685-9E81-1985D4CC300D}"
EndProject
Project("{2150E333-8FDC-42A3-9474-1A3956D46DE8}") = "test", "test", "{DD742788-9947-4FA4-A659-E30E6C60AFA8}"
EndProject
Project("{FAE04EC0-301F-11D3-BF4B-00C04F79EFBC}") = "SimpleAPI.Test", "test\SimpleAPI.test\SimpleAPI.Test.csproj", "{B7BFBF9C-21FB-4ADE-B8E3-5992DDBDC293}"
EndProject
Global
	GlobalSection(SolutionConfigurationPlatforms) = preSolution
		Debug|Any CPU = Debug|Any CPU
		Debug|x64 = Debug|x64
		Debug|x86 = Debug|x86
		Release|Any CPU = Release|Any CPU
		Release|x64 = Release|x64
		Release|x86 = Release|x86
	EndGlobalSection
	GlobalSection(SolutionProperties) = preSolution
		HideSolutionNode = FALSE
	EndGlobalSection
	GlobalSection(ProjectConfigurationPlatforms) = postSolution
		{714A3952-0791-4685-9E81-1985D4CC300D}.Debug|Any CPU.ActiveCfg = Debug|Any CPU
		{714A3952-0791-4685-9E81-1985D4CC300D}.Debug|Any CPU.Build.0 = Debug|Any CPU
		{714A3952-0791-4685-9E81-1985D4CC300D}.Debug|x64.ActiveCfg = Debug|Any CPU
		{714A3952-0791-4685-9E81-1985D4CC300D}.Debug|x64.Build.0 = Debug|Any CPU
		{714A3952-0791-4685-9E81-1985D4CC300D}.Debug|x86.ActiveCfg = Debug|Any CPU
		{714A3952-0791-4685-9E81-1985D4CC300D}.Debug|x86.Build.0 = Debug|Any CPU
		{714A3952-0791-4685-9E81-1985D4CC300D}.Release|Any CPU.ActiveCfg = Release|Any CPU
		{714A3952-0791-4685-9E81-1985D4CC300D}.Release|Any CPU.Build.0 = Release|Any CPU
		{714A3952-0791-4685-9E81-1985D4CC300D}.Release|x64.ActiveCfg = Release|Any CPU
		{714A3952-0791-4685-9E81-1985D4CC300D}.Release|x64.Build.0 = Release|Any CPU
		{714A3952-0791-4685-9E81-1985D4CC300D}.Release|x86.ActiveCfg = Release|Any CPU
		{714A3952-0791-4685-9E81-1985D4CC300D}.Release|x86.Build.0 = Release|Any CPU
		{B7BFBF9C-21FB-4ADE-B8E3-5992DDBDC293}.Debug|Any CPU.ActiveCfg = Debug|Any CPU
		{B7BFBF9C-21FB-4ADE-B8E3-5992DDBDC293}.Debug|Any CPU.Build.0 = Debug|Any CPU
		{B7BFBF9C-21FB-4ADE-B8E3-5992DDBDC293}.Debug|x64.ActiveCfg = Debug|Any CPU
		{B7BFBF9C-21FB-4ADE-B8E3-5992DDBDC293}.Debug|x64.Build.0 = Debug|Any CPU
		{B7BFBF9C-21FB-4ADE-B8E3-5992DDBDC293}.Debug|x86.ActiveCfg = Debug|Any CPU
		{B7BFBF9C-21FB-4ADE-B8E3-5992DDBDC293}.Debug|x86.Build.0 = Debug|Any CPU
		{B7BFBF9C-21FB-4ADE-B8E3-5992DDBDC293}.Release|Any CPU.ActiveCfg = Release|Any CPU
		{B7BFBF9C-21FB-4ADE-B8E3-5992DDBDC293}.Release|Any CPU.Build.0 = Release|Any CPU
		{B7BFBF9C-21FB-4ADE-B8E3-5992DDBDC293}.Release|x64.ActiveCfg = Release|Any CPU
		{B7BFBF9C-21FB-4ADE-B8E3-5992DDBDC293}.Release|x64.Build.0 = Release|Any CPU
		{B7BFBF9C-21FB-4ADE-B8E3-5992DDBDC293}.Release|x86.ActiveCfg = Release|Any CPU
		{B7BFBF9C-21FB-4ADE-B8E3-5992DDBDC293}.Release|x86.Build.0 = Release|Any CPU
	EndGlobalSection
	GlobalSection(NestedProjects) = preSolution
		{714A3952-0791-4685-9E81-1985D4CC300D} = {A324F2A3-7168-4683-98AC-4B633A582567}
		{B7BFBF9C-21FB-4ADE-B8E3-5992DDBDC293} = {DD742788-9947-4FA4-A659-E30E6C60AFA8}
	EndGlobalSection
EndGlobal
